
Microsoft Visual Studio Solution File, Format Version 12.00
# Visual Studio 15
VisualStudioVersion = 15.0.28307.539
MinimumVisualStudioVersion = 10.0.40219.1
Project("{9A19103F-16F7-4668-BE54-9A1E7A4F7556}") = "XMLSugar", "XMLSugar\XMLSugar.csproj", "{4212C7BE-7482-4B00-8C10-6A51076449CB}"
EndProject
Project("{9A19103F-16F7-4668-BE54-9A1E7A4F7556}") = "XMLSugar_Playground", "XMLSugar_Playground\XMLSugar_Playground.csproj", "{164C519E-D23B-4408-AAF8-D8A0D5B37690}"
EndProject
Global
	GlobalSection(SolutionConfigurationPlatforms) = preSolution
		Debug|Any CPU = Debug|Any CPU
		Release|Any CPU = Release|Any CPU
	EndGlobalSection
	GlobalSection(ProjectConfigurationPlatforms) = postSolution
		{4212C7BE-7482-4B00-8C10-6A51076449CB}.Debug|Any CPU.ActiveCfg = Debug|Any CPU
		{4212C7BE-7482-4B00-8C10-6A51076449CB}.Debug|Any CPU.Build.0 = Debug|Any CPU
		{4212C7BE-7482-4B00-8C10-6A51076449CB}.Release|Any CPU.ActiveCfg = Release|Any CPU
		{4212C7BE-7482-4B00-8C10-6A51076449CB}.Release|Any CPU.Build.0 = Release|Any CPU
		{164C519E-D23B-4408-AAF8-D8A0D5B37690}.Debug|Any CPU.ActiveCfg = Debug|Any CPU
		{164C519E-D23B-4408-AAF8-D8A0D5B37690}.Debug|Any CPU.Build.0 = Debug|Any CPU
		{164C519E-D23B-4408-AAF8-D8A0D5B37690}.Release|Any CPU.ActiveCfg = Release|Any CPU
		{164C519E-D23B-4408-AAF8-D8A0D5B37690}.Release|Any CPU.Build.0 = Release|Any CPU
	EndGlobalSection
	GlobalSection(SolutionProperties) = preSolution
		HideSolutionNode = FALSE
	EndGlobalSection
	GlobalSection(ExtensibilityGlobals) = postSolution
		SolutionGuid = {909592FE-598E-438D-A972-DDB3517366CA}
	EndGlobalSection
EndGlobal
